
Microsoft Visual Studio Solution File, Format Version 12.00
# Visual Studio 15
VisualStudioVersion = 15.0.28307.421
MinimumVisualStudioVersion = 10.0.40219.1
Project("{2150E333-8FDC-42A3-9474-1A3956D46DE8}") = "3 UI", "3 UI", "{54936143-09B1-4EBE-9F82-53497153841E}"
EndProject
Project("{2150E333-8FDC-42A3-9474-1A3956D46DE8}") = "0 Model", "0 Model", "{A70CF9A6-C763-49E6-91B9-F5ACF0D61B4E}"
EndProject
Project("{2150E333-8FDC-42A3-9474-1A3956D46DE8}") = "4 Unit tests", "4 Unit tests", "{C2051443-839D-4E6D-9255-9AE4891EA159}"
EndProject
Project("{FAE04EC0-301F-11D3-BF4B-00C04F79EFBC}") = "DTO", "DTO\DTO.csproj", "{A6C28ACB-B0AE-49D0-980C-39FA029D7230}"
EndProject
Project("{FAE04EC0-301F-11D3-BF4B-00C04F79EFBC}") = "Dialogs", "Dialogs\Dialogs.csproj", "{8DDAA739-7C6D-41E0-A53F-8613C95F2B33}"
EndProject
Project("{FAE04EC0-301F-11D3-BF4B-00C04F79EFBC}") = "Interfaces", "Interfaces\Interfaces.csproj", "{23DE1C9A-CD5D-4186-8549-EAA7FF7B4D9E}"
EndProject
Project("{2150E333-8FDC-42A3-9474-1A3956D46DE8}") = "2 Adapters", "2 Adapters", "{7579DF29-1D23-4473-882F-C770F8C2A0D5}"
EndProject
Project("{FAE04EC0-301F-11D3-BF4B-00C04F79EFBC}") = "Adapters", "Adapters\Adapters.csproj", "{40149EBE-BC1B-46BD-93CD-79CAE77CC95D}"
EndProject
Project("{FAE04EC0-301F-11D3-BF4B-00C04F79EFBC}") = "Extensions", "Extensions\Extensions.csproj", "{29B95FEB-B049-4580-B8A1-75F354D9873B}"
EndProject
Project("{2150E333-8FDC-42A3-9474-1A3956D46DE8}") = "1 LIB", "1 LIB", "{2A18F68C-D46F-46A1-BF82-7A9E6B8618FD}"
EndProject
Project("{FAE04EC0-301F-11D3-BF4B-00C04F79EFBC}") = "TextResources", "TextResources\TextResources.csproj", "{F2946EAC-77FA-4C76-B53C-47CCE168F438}"
EndProject
Project("{FAE04EC0-301F-11D3-BF4B-00C04F79EFBC}") = "UtWebPageAnalyzer", "UtWebPageAnalyzer\UtWebPageAnalyzer.csproj", "{FB30C71A-3CE0-4507-B57C-85F1BD942BA3}"
EndProject
Global
	GlobalSection(SolutionConfigurationPlatforms) = preSolution
		Debug|Any CPU = Debug|Any CPU
		Release|Any CPU = Release|Any CPU
	EndGlobalSection
	GlobalSection(ProjectConfigurationPlatforms) = postSolution
		{A6C28ACB-B0AE-49D0-980C-39FA029D7230}.Debug|Any CPU.ActiveCfg = Debug|Any CPU
		{A6C28ACB-B0AE-49D0-980C-39FA029D7230}.Debug|Any CPU.Build.0 = Debug|Any CPU
		{A6C28ACB-B0AE-49D0-980C-39FA029D7230}.Release|Any CPU.ActiveCfg = Release|Any CPU
		{A6C28ACB-B0AE-49D0-980C-39FA029D7230}.Release|Any CPU.Build.0 = Release|Any CPU
		{8DDAA739-7C6D-41E0-A53F-8613C95F2B33}.Debug|Any CPU.ActiveCfg = Debug|Any CPU
		{8DDAA739-7C6D-41E0-A53F-8613C95F2B33}.Debug|Any CPU.Build.0 = Debug|Any CPU
		{8DDAA739-7C6D-41E0-A53F-8613C95F2B33}.Release|Any CPU.ActiveCfg = Release|Any CPU
		{8DDAA739-7C6D-41E0-A53F-8613C95F2B33}.Release|Any CPU.Build.0 = Release|Any CPU
		{23DE1C9A-CD5D-4186-8549-EAA7FF7B4D9E}.Debug|Any CPU.ActiveCfg = Debug|Any CPU
		{23DE1C9A-CD5D-4186-8549-EAA7FF7B4D9E}.Debug|Any CPU.Build.0 = Debug|Any CPU
		{23DE1C9A-CD5D-4186-8549-EAA7FF7B4D9E}.Release|Any CPU.ActiveCfg = Release|Any CPU
		{23DE1C9A-CD5D-4186-8549-EAA7FF7B4D9E}.Release|Any CPU.Build.0 = Release|Any CPU
		{40149EBE-BC1B-46BD-93CD-79CAE77CC95D}.Debug|Any CPU.ActiveCfg = Debug|Any CPU
		{40149EBE-BC1B-46BD-93CD-79CAE77CC95D}.Debug|Any CPU.Build.0 = Debug|Any CPU
		{40149EBE-BC1B-46BD-93CD-79CAE77CC95D}.Release|Any CPU.ActiveCfg = Release|Any CPU
		{40149EBE-BC1B-46BD-93CD-79CAE77CC95D}.Release|Any CPU.Build.0 = Release|Any CPU
		{29B95FEB-B049-4580-B8A1-75F354D9873B}.Debug|Any CPU.ActiveCfg = Debug|Any CPU
		{29B95FEB-B049-4580-B8A1-75F354D9873B}.Debug|Any CPU.Build.0 = Debug|Any CPU
		{29B95FEB-B049-4580-B8A1-75F354D9873B}.Release|Any CPU.ActiveCfg = Release|Any CPU
		{29B95FEB-B049-4580-B8A1-75F354D9873B}.Release|Any CPU.Build.0 = Release|Any CPU
		{F2946EAC-77FA-4C76-B53C-47CCE168F438}.Debug|Any CPU.ActiveCfg = Debug|Any CPU
		{F2946EAC-77FA-4C76-B53C-47CCE168F438}.Debug|Any CPU.Build.0 = Debug|Any CPU
		{F2946EAC-77FA-4C76-B53C-47CCE168F438}.Release|Any CPU.ActiveCfg = Release|Any CPU
		{F2946EAC-77FA-4C76-B53C-47CCE168F438}.Release|Any CPU.Build.0 = Release|Any CPU
		{FB30C71A-3CE0-4507-B57C-85F1BD942BA3}.Debug|Any CPU.ActiveCfg = Debug|Any CPU
		{FB30C71A-3CE0-4507-B57C-85F1BD942BA3}.Debug|Any CPU.Build.0 = Debug|Any CPU
		{FB30C71A-3CE0-4507-B57C-85F1BD942BA3}.Release|Any CPU.ActiveCfg = Release|Any CPU
		{FB30C71A-3CE0-4507-B57C-85F1BD942BA3}.Release|Any CPU.Build.0 = Release|Any CPU
	EndGlobalSection
	GlobalSection(SolutionProperties) = preSolution
		HideSolutionNode = FALSE
	EndGlobalSection
	GlobalSection(NestedProjects) = preSolution
		{A6C28ACB-B0AE-49D0-980C-39FA029D7230} = {A70CF9A6-C763-49E6-91B9-F5ACF0D61B4E}
		{8DDAA739-7C6D-41E0-A53F-8613C95F2B33} = {54936143-09B1-4EBE-9F82-53497153841E}
		{23DE1C9A-CD5D-4186-8549-EAA7FF7B4D9E} = {A70CF9A6-C763-49E6-91B9-F5ACF0D61B4E}
		{40149EBE-BC1B-46BD-93CD-79CAE77CC95D} = {7579DF29-1D23-4473-882F-C770F8C2A0D5}
		{29B95FEB-B049-4580-B8A1-75F354D9873B} = {2A18F68C-D46F-46A1-BF82-7A9E6B8618FD}
		{F2946EAC-77FA-4C76-B53C-47CCE168F438} = {2A18F68C-D46F-46A1-BF82-7A9E6B8618FD}
		{FB30C71A-3CE0-4507-B57C-85F1BD942BA3} = {C2051443-839D-4E6D-9255-9AE4891EA159}
	EndGlobalSection
	GlobalSection(ExtensibilityGlobals) = postSolution
		SolutionGuid = {BFAC53A4-D7FC-47EB-9991-0A7103340ECA}
	EndGlobalSection
EndGlobal
